// !$*UTF8*$!
{
	archiveVersion = 1;
	classes = {
	};
	objectVersion = 51;
	objects = {

/* Begin PBXBuildFile section */
		2516969222588CA20024DBC8 /* AppDelegate.swift in Sources */ = {isa = PBXBuildFile; fileRef = 2516969122588CA20024DBC8 /* AppDelegate.swift */; };
		2516969922588CA80024DBC8 /* Assets.xcassets in Resources */ = {isa = PBXBuildFile; fileRef = 2516969822588CA80024DBC8 /* Assets.xcassets */; };
		2516969C22588CA80024DBC8 /* LaunchScreen.storyboard in Resources */ = {isa = PBXBuildFile; fileRef = 2516969A22588CA80024DBC8 /* LaunchScreen.storyboard */; };
		25A7ECF42258E14600E7F51C /* GoogleService-Info.plist in Resources */ = {isa = PBXBuildFile; fileRef = 25A7ECF32258E14600E7F51C /* GoogleService-Info.plist */; };
		E787C2D826FF93272550F9F5 /* Pods_MU.framework in Frameworks */ = {isa = PBXBuildFile; fileRef = 93E7E5A93920469DD28A4FF6 /* Pods_MU.framework */; };
		FF1DD0422287B8BD001362B6 /* UIButtonHelper.swift in Sources */ = {isa = PBXBuildFile; fileRef = FF1DD03C2287B8BD001362B6 /* UIButtonHelper.swift */; };
		FF1DD0432287B8BD001362B6 /* NSLayoutHelper.swift in Sources */ = {isa = PBXBuildFile; fileRef = FF1DD03D2287B8BD001362B6 /* NSLayoutHelper.swift */; };
		FF1DD0442287B8BD001362B6 /* DeviceHelper.swift in Sources */ = {isa = PBXBuildFile; fileRef = FF1DD03E2287B8BD001362B6 /* DeviceHelper.swift */; };
		FF1DD0452287B8BD001362B6 /* UITextViewHelper.swift in Sources */ = {isa = PBXBuildFile; fileRef = FF1DD03F2287B8BD001362B6 /* UITextViewHelper.swift */; };
		FF1DD0462287B8BD001362B6 /* UILabelHelper.swift in Sources */ = {isa = PBXBuildFile; fileRef = FF1DD0402287B8BD001362B6 /* UILabelHelper.swift */; };
		FF1DD0472287B8BD001362B6 /* UITextFieldHelper.swift in Sources */ = {isa = PBXBuildFile; fileRef = FF1DD0412287B8BD001362B6 /* UITextFieldHelper.swift */; };
		FFB508322286BC1300A1E03E /* SegueConstants.swift in Sources */ = {isa = PBXBuildFile; fileRef = FFB508312286BC1300A1E03E /* SegueConstants.swift */; };
		FFB508342286BC5600A1E03E /* BaseViewController.swift in Sources */ = {isa = PBXBuildFile; fileRef = FFB508332286BC5600A1E03E /* BaseViewController.swift */; };
		FFB508582286C8AA00A1E03E /* OnBoarding.storyboard in Resources */ = {isa = PBXBuildFile; fileRef = FFB508552286C8AA00A1E03E /* OnBoarding.storyboard */; };
		FFB508592286C8AA00A1E03E /* OnBoardingPresenter.swift in Sources */ = {isa = PBXBuildFile; fileRef = FFB508562286C8AA00A1E03E /* OnBoardingPresenter.swift */; };
		FFB5085A2286C8AA00A1E03E /* OnBoardingViewController.swift in Sources */ = {isa = PBXBuildFile; fileRef = FFB508572286C8AA00A1E03E /* OnBoardingViewController.swift */; };
		FFB5085F2286C92D00A1E03E /* Home.storyboard in Resources */ = {isa = PBXBuildFile; fileRef = FFB5085C2286C92D00A1E03E /* Home.storyboard */; };
		FFB508602286C92D00A1E03E /* HomePresenter.swift in Sources */ = {isa = PBXBuildFile; fileRef = FFB5085D2286C92D00A1E03E /* HomePresenter.swift */; };
		FFB508612286C92D00A1E03E /* HomeViewController.swift in Sources */ = {isa = PBXBuildFile; fileRef = FFB5085E2286C92D00A1E03E /* HomeViewController.swift */; };
		FFB5086722872E3B00A1E03E /* CustomOverlay.swift in Sources */ = {isa = PBXBuildFile; fileRef = FFB5086322872E3B00A1E03E /* CustomOverlay.swift */; };
		FFB5086822872E3B00A1E03E /* CustomPage.swift in Sources */ = {isa = PBXBuildFile; fileRef = FFB5086422872E3B00A1E03E /* CustomPage.swift */; };
		FFB5086922872E3B00A1E03E /* CustomPage.xib in Resources */ = {isa = PBXBuildFile; fileRef = FFB5086522872E3B00A1E03E /* CustomPage.xib */; };
		FFB5086A22872E3B00A1E03E /* CustomOverlay.xib in Resources */ = {isa = PBXBuildFile; fileRef = FFB5086622872E3B00A1E03E /* CustomOverlay.xib */; };
		FFB5086C2287377500A1E03E /* ColorConstants.swift in Sources */ = {isa = PBXBuildFile; fileRef = FFB5086B2287377500A1E03E /* ColorConstants.swift */; };
		FFB50872228742B900A1E03E /* String+Utilities.swift in Sources */ = {isa = PBXBuildFile; fileRef = FFB50871228742B900A1E03E /* String+Utilities.swift */; };
		FFB50874228743C700A1E03E /* SummaryDAO.swift in Sources */ = {isa = PBXBuildFile; fileRef = FFB50873228743C700A1E03E /* SummaryDAO.swift */; };
		FFB50876228743F000A1E03E /* MUAPI.swift in Sources */ = {isa = PBXBuildFile; fileRef = FFB50875228743F000A1E03E /* MUAPI.swift */; };
		FFB508782287444200A1E03E /* ErrorExceptionAPI.swift in Sources */ = {isa = PBXBuildFile; fileRef = FFB508772287444200A1E03E /* ErrorExceptionAPI.swift */; };
		FFB5087B2287452E00A1E03E /* BaseDAO.swift in Sources */ = {isa = PBXBuildFile; fileRef = FFB5087A2287452E00A1E03E /* BaseDAO.swift */; };
/* End PBXBuildFile section */

/* Begin PBXFileReference section */
		1FD9A7A2056FFE39366ABA55 /* Pods-MU.release.xcconfig */ = {isa = PBXFileReference; includeInIndex = 1; lastKnownFileType = text.xcconfig; name = "Pods-MU.release.xcconfig"; path = "Pods/Target Support Files/Pods-MU/Pods-MU.release.xcconfig"; sourceTree = "<group>"; };
		2516968E22588CA20024DBC8 /* MU.app */ = {isa = PBXFileReference; explicitFileType = wrapper.application; includeInIndex = 0; path = MU.app; sourceTree = BUILT_PRODUCTS_DIR; };
		2516969122588CA20024DBC8 /* AppDelegate.swift */ = {isa = PBXFileReference; lastKnownFileType = sourcecode.swift; path = AppDelegate.swift; sourceTree = "<group>"; };
		2516969822588CA80024DBC8 /* Assets.xcassets */ = {isa = PBXFileReference; lastKnownFileType = folder.assetcatalog; path = Assets.xcassets; sourceTree = "<group>"; };
		2516969B22588CA80024DBC8 /* Base */ = {isa = PBXFileReference; lastKnownFileType = file.storyboard; name = Base; path = Base.lproj/LaunchScreen.storyboard; sourceTree = "<group>"; };
		2516969D22588CA80024DBC8 /* Info.plist */ = {isa = PBXFileReference; lastKnownFileType = text.plist.xml; path = Info.plist; sourceTree = "<group>"; };
		25A7ECF32258E14600E7F51C /* GoogleService-Info.plist */ = {isa = PBXFileReference; fileEncoding = 4; lastKnownFileType = text.plist.xml; path = "GoogleService-Info.plist"; sourceTree = "<group>"; };
		6806D2F667552E69E759CE9F /* Pods-MU.debug.xcconfig */ = {isa = PBXFileReference; includeInIndex = 1; lastKnownFileType = text.xcconfig; name = "Pods-MU.debug.xcconfig"; path = "Pods/Target Support Files/Pods-MU/Pods-MU.debug.xcconfig"; sourceTree = "<group>"; };
		93E7E5A93920469DD28A4FF6 /* Pods_MU.framework */ = {isa = PBXFileReference; explicitFileType = wrapper.framework; includeInIndex = 0; path = Pods_MU.framework; sourceTree = BUILT_PRODUCTS_DIR; };
		FF1DD03C2287B8BD001362B6 /* UIButtonHelper.swift */ = {isa = PBXFileReference; fileEncoding = 4; lastKnownFileType = sourcecode.swift; path = UIButtonHelper.swift; sourceTree = "<group>"; };
		FF1DD03D2287B8BD001362B6 /* NSLayoutHelper.swift */ = {isa = PBXFileReference; fileEncoding = 4; lastKnownFileType = sourcecode.swift; path = NSLayoutHelper.swift; sourceTree = "<group>"; };
		FF1DD03E2287B8BD001362B6 /* DeviceHelper.swift */ = {isa = PBXFileReference; fileEncoding = 4; lastKnownFileType = sourcecode.swift; path = DeviceHelper.swift; sourceTree = "<group>"; };
		FF1DD03F2287B8BD001362B6 /* UITextViewHelper.swift */ = {isa = PBXFileReference; fileEncoding = 4; lastKnownFileType = sourcecode.swift; path = UITextViewHelper.swift; sourceTree = "<group>"; };
		FF1DD0402287B8BD001362B6 /* UILabelHelper.swift */ = {isa = PBXFileReference; fileEncoding = 4; lastKnownFileType = sourcecode.swift; path = UILabelHelper.swift; sourceTree = "<group>"; };
		FF1DD0412287B8BD001362B6 /* UITextFieldHelper.swift */ = {isa = PBXFileReference; fileEncoding = 4; lastKnownFileType = sourcecode.swift; path = UITextFieldHelper.swift; sourceTree = "<group>"; };
		FFB508312286BC1300A1E03E /* SegueConstants.swift */ = {isa = PBXFileReference; fileEncoding = 4; lastKnownFileType = sourcecode.swift; path = SegueConstants.swift; sourceTree = "<group>"; };
		FFB508332286BC5600A1E03E /* BaseViewController.swift */ = {isa = PBXFileReference; fileEncoding = 4; lastKnownFileType = sourcecode.swift; path = BaseViewController.swift; sourceTree = "<group>"; };
		FFB508552286C8AA00A1E03E /* OnBoarding.storyboard */ = {isa = PBXFileReference; lastKnownFileType = file.storyboard; path = OnBoarding.storyboard; sourceTree = "<group>"; };
		FFB508562286C8AA00A1E03E /* OnBoardingPresenter.swift */ = {isa = PBXFileReference; lastKnownFileType = sourcecode.swift; path = OnBoardingPresenter.swift; sourceTree = "<group>"; };
		FFB508572286C8AA00A1E03E /* OnBoardingViewController.swift */ = {isa = PBXFileReference; lastKnownFileType = sourcecode.swift; path = OnBoardingViewController.swift; sourceTree = "<group>"; };
		FFB5085C2286C92D00A1E03E /* Home.storyboard */ = {isa = PBXFileReference; lastKnownFileType = file.storyboard; path = Home.storyboard; sourceTree = "<group>"; };
		FFB5085D2286C92D00A1E03E /* HomePresenter.swift */ = {isa = PBXFileReference; lastKnownFileType = sourcecode.swift; path = HomePresenter.swift; sourceTree = "<group>"; };
		FFB5085E2286C92D00A1E03E /* HomeViewController.swift */ = {isa = PBXFileReference; lastKnownFileType = sourcecode.swift; path = HomeViewController.swift; sourceTree = "<group>"; };
		FFB5086322872E3B00A1E03E /* CustomOverlay.swift */ = {isa = PBXFileReference; fileEncoding = 4; lastKnownFileType = sourcecode.swift; path = CustomOverlay.swift; sourceTree = "<group>"; };
		FFB5086422872E3B00A1E03E /* CustomPage.swift */ = {isa = PBXFileReference; fileEncoding = 4; lastKnownFileType = sourcecode.swift; path = CustomPage.swift; sourceTree = "<group>"; };
		FFB5086522872E3B00A1E03E /* CustomPage.xib */ = {isa = PBXFileReference; fileEncoding = 4; lastKnownFileType = file.xib; path = CustomPage.xib; sourceTree = "<group>"; };
		FFB5086622872E3B00A1E03E /* CustomOverlay.xib */ = {isa = PBXFileReference; fileEncoding = 4; lastKnownFileType = file.xib; path = CustomOverlay.xib; sourceTree = "<group>"; };
		FFB5086B2287377500A1E03E /* ColorConstants.swift */ = {isa = PBXFileReference; fileEncoding = 4; lastKnownFileType = sourcecode.swift; path = ColorConstants.swift; sourceTree = "<group>"; };
		FFB50871228742B900A1E03E /* String+Utilities.swift */ = {isa = PBXFileReference; fileEncoding = 4; lastKnownFileType = sourcecode.swift; path = "String+Utilities.swift"; sourceTree = "<group>"; };
		FFB50873228743C700A1E03E /* SummaryDAO.swift */ = {isa = PBXFileReference; fileEncoding = 4; lastKnownFileType = sourcecode.swift; path = SummaryDAO.swift; sourceTree = "<group>"; };
		FFB50875228743F000A1E03E /* MUAPI.swift */ = {isa = PBXFileReference; fileEncoding = 4; lastKnownFileType = sourcecode.swift; path = MUAPI.swift; sourceTree = "<group>"; };
		FFB508772287444200A1E03E /* ErrorExceptionAPI.swift */ = {isa = PBXFileReference; fileEncoding = 4; lastKnownFileType = sourcecode.swift; path = ErrorExceptionAPI.swift; sourceTree = "<group>"; };
		FFB5087A2287452E00A1E03E /* BaseDAO.swift */ = {isa = PBXFileReference; fileEncoding = 4; lastKnownFileType = sourcecode.swift; path = BaseDAO.swift; sourceTree = "<group>"; };
/* End PBXFileReference section */

/* Begin PBXFrameworksBuildPhase section */
		2516968B22588CA20024DBC8 /* Frameworks */ = {
			isa = PBXFrameworksBuildPhase;
			buildActionMask = 2147483647;
			files = (
				E787C2D826FF93272550F9F5 /* Pods_MU.framework in Frameworks */,
			);
			runOnlyForDeploymentPostprocessing = 0;
		};
/* End PBXFrameworksBuildPhase section */

/* Begin PBXGroup section */
		0B7979B336FD85FAD62E7FFA /* Frameworks */ = {
			isa = PBXGroup;
			children = (
				93E7E5A93920469DD28A4FF6 /* Pods_MU.framework */,
			);
			name = Frameworks;
			sourceTree = "<group>";
		};
		2516968522588CA20024DBC8 = {
			isa = PBXGroup;
			children = (
				2516969022588CA20024DBC8 /* MU */,
				2516968F22588CA20024DBC8 /* Products */,
				FD3E09F5E2DEAF69E0258142 /* Pods */,
				0B7979B336FD85FAD62E7FFA /* Frameworks */,
			);
			sourceTree = "<group>";
		};
		2516968F22588CA20024DBC8 /* Products */ = {
			isa = PBXGroup;
			children = (
				2516968E22588CA20024DBC8 /* MU.app */,
			);
			name = Products;
			sourceTree = "<group>";
		};
		2516969022588CA20024DBC8 /* MU */ = {
			isa = PBXGroup;
			children = (
				2516969122588CA20024DBC8 /* AppDelegate.swift */,
				FFB508222286A6EE00A1E03E /* APIs */,
				FFB508282286B33900A1E03E /* Constants */,
				FFB508292286B34E00A1E03E /* DAO */,
				FFB508272286B31100A1E03E /* Enumerations */,
				FFB508202286A6D500A1E03E /* Extensions */,
				2540ECCC22633667003EF6F3 /* Helpers */,
				2540ECBE22615359003EF6F3 /* Models */,
				FFB508212286A6E400A1E03E /* Modules */,
				FFB508232286A72B00A1E03E /* SupportFiles */,
			);
			path = MU;
			sourceTree = "<group>";
		};
		2540ECBE22615359003EF6F3 /* Models */ = {
			isa = PBXGroup;
			children = (
				FFB508772287444200A1E03E /* ErrorExceptionAPI.swift */,
			);
			path = Models;
			sourceTree = "<group>";
		};
		2540ECCC22633667003EF6F3 /* Helpers */ = {
			isa = PBXGroup;
			children = (
				FF1DD03B2287B8BD001362B6 /* Layout */,
			);
			path = Helpers;
			sourceTree = "<group>";
		};
		FD3E09F5E2DEAF69E0258142 /* Pods */ = {
			isa = PBXGroup;
			children = (
				6806D2F667552E69E759CE9F /* Pods-MU.debug.xcconfig */,
				1FD9A7A2056FFE39366ABA55 /* Pods-MU.release.xcconfig */,
			);
			name = Pods;
			sourceTree = "<group>";
		};
		FF1DD03B2287B8BD001362B6 /* Layout */ = {
			isa = PBXGroup;
			children = (
				FF1DD03C2287B8BD001362B6 /* UIButtonHelper.swift */,
				FF1DD03D2287B8BD001362B6 /* NSLayoutHelper.swift */,
				FF1DD03E2287B8BD001362B6 /* DeviceHelper.swift */,
				FF1DD03F2287B8BD001362B6 /* UITextViewHelper.swift */,
				FF1DD0402287B8BD001362B6 /* UILabelHelper.swift */,
				FF1DD0412287B8BD001362B6 /* UITextFieldHelper.swift */,
			);
			path = Layout;
			sourceTree = "<group>";
		};
		FFB508202286A6D500A1E03E /* Extensions */ = {
			isa = PBXGroup;
			children = (
				FFB50871228742B900A1E03E /* String+Utilities.swift */,
			);
			path = Extensions;
			sourceTree = "<group>";
		};
		FFB508212286A6E400A1E03E /* Modules */ = {
			isa = PBXGroup;
			children = (
				FFB5085B2286C92100A1E03E /* Home */,
				FFB5082A2286BA6E00A1E03E /* OnBoarding */,
			);
			path = Modules;
			sourceTree = "<group>";
		};
		FFB508222286A6EE00A1E03E /* APIs */ = {
			isa = PBXGroup;
			children = (
				FFB50875228743F000A1E03E /* MUAPI.swift */,
			);
			path = APIs;
			sourceTree = "<group>";
		};
		FFB508232286A72B00A1E03E /* SupportFiles */ = {
			isa = PBXGroup;
			children = (
				2516969D22588CA80024DBC8 /* Info.plist */,
				2516969A22588CA80024DBC8 /* LaunchScreen.storyboard */,
				25A7ECF32258E14600E7F51C /* GoogleService-Info.plist */,
				2516969822588CA80024DBC8 /* Assets.xcassets */,
				FFB508242286A7D900A1E03E /* Base */,
			);
			path = SupportFiles;
			sourceTree = "<group>";
		};
		FFB508242286A7D900A1E03E /* Base */ = {
			isa = PBXGroup;
			children = (
				FFB5087A2287452E00A1E03E /* BaseDAO.swift */,
				FFB508332286BC5600A1E03E /* BaseViewController.swift */,
			);
			path = Base;
			sourceTree = "<group>";
		};
		FFB508272286B31100A1E03E /* Enumerations */ = {
			isa = PBXGroup;
			children = (
			);
			path = Enumerations;
			sourceTree = "<group>";
		};
		FFB508282286B33900A1E03E /* Constants */ = {
			isa = PBXGroup;
			children = (
				FFB5086B2287377500A1E03E /* ColorConstants.swift */,
				FFB508312286BC1300A1E03E /* SegueConstants.swift */,
			);
			path = Constants;
			sourceTree = "<group>";
		};
		FFB508292286B34E00A1E03E /* DAO */ = {
			isa = PBXGroup;
			children = (
				FFB50873228743C700A1E03E /* SummaryDAO.swift */,
			);
			path = DAO;
			sourceTree = "<group>";
		};
		FFB5082A2286BA6E00A1E03E /* OnBoarding */ = {
			isa = PBXGroup;
			children = (
				FFB508552286C8AA00A1E03E /* OnBoarding.storyboard */,
				FFB508562286C8AA00A1E03E /* OnBoardingPresenter.swift */,
				FFB508572286C8AA00A1E03E /* OnBoardingViewController.swift */,
				FFB5086222872E1600A1E03E /* CustomOnBoarding */,
			);
			path = OnBoarding;
			sourceTree = "<group>";
		};
		FFB5085B2286C92100A1E03E /* Home */ = {
			isa = PBXGroup;
			children = (
				FFB5085C2286C92D00A1E03E /* Home.storyboard */,
				FFB5085D2286C92D00A1E03E /* HomePresenter.swift */,
				FFB5085E2286C92D00A1E03E /* HomeViewController.swift */,
			);
			path = Home;
			sourceTree = "<group>";
		};
		FFB5086222872E1600A1E03E /* CustomOnBoarding */ = {
			isa = PBXGroup;
			children = (
				FFB5086322872E3B00A1E03E /* CustomOverlay.swift */,
				FFB5086622872E3B00A1E03E /* CustomOverlay.xib */,
				FFB5086422872E3B00A1E03E /* CustomPage.swift */,
				FFB5086522872E3B00A1E03E /* CustomPage.xib */,
			);
			path = CustomOnBoarding;
			sourceTree = "<group>";
		};
/* End PBXGroup section */

/* Begin PBXNativeTarget section */
		2516968D22588CA20024DBC8 /* MU */ = {
			isa = PBXNativeTarget;
			buildConfigurationList = 251696A022588CA80024DBC8 /* Build configuration list for PBXNativeTarget "MU" */;
			buildPhases = (
				F952C45E79C1FC0C26CE74AA /* [CP] Check Pods Manifest.lock */,
				250625B72267FD5F009196C9 /* SwifLint Run Script */,
				2516968A22588CA20024DBC8 /* Sources */,
				2516968B22588CA20024DBC8 /* Frameworks */,
				2516968C22588CA20024DBC8 /* Resources */,
				62ECF55CE3C9786BAA740FDC /* [CP] Embed Pods Frameworks */,
			);
			buildRules = (
			);
			dependencies = (
			);
			name = MU;
			productName = MU;
			productReference = 2516968E22588CA20024DBC8 /* MU.app */;
			productType = "com.apple.product-type.application";
		};
/* End PBXNativeTarget section */

/* Begin PBXProject section */
		2516968622588CA20024DBC8 /* Project object */ = {
			isa = PBXProject;
			attributes = {
				LastSwiftUpdateCheck = 1010;
				LastUpgradeCheck = 1010;
				ORGANIZATIONNAME = NDS;
				TargetAttributes = {
					2516968D22588CA20024DBC8 = {
						CreatedOnToolsVersion = 10.1;
					};
				};
			};
			buildConfigurationList = 2516968922588CA20024DBC8 /* Build configuration list for PBXProject "MU" */;
			compatibilityVersion = "Xcode 9.3";
			developmentRegion = en;
			hasScannedForEncodings = 0;
			knownRegions = (
				en,
				Base,
			);
			mainGroup = 2516968522588CA20024DBC8;
			productRefGroup = 2516968F22588CA20024DBC8 /* Products */;
			projectDirPath = "";
			projectRoot = "";
			targets = (
				2516968D22588CA20024DBC8 /* MU */,
			);
		};
/* End PBXProject section */

/* Begin PBXResourcesBuildPhase section */
		2516968C22588CA20024DBC8 /* Resources */ = {
			isa = PBXResourcesBuildPhase;
			buildActionMask = 2147483647;
			files = (
				2516969C22588CA80024DBC8 /* LaunchScreen.storyboard in Resources */,
				FFB5086922872E3B00A1E03E /* CustomPage.xib in Resources */,
				FFB5085F2286C92D00A1E03E /* Home.storyboard in Resources */,
				FFB5086A22872E3B00A1E03E /* CustomOverlay.xib in Resources */,
				25A7ECF42258E14600E7F51C /* GoogleService-Info.plist in Resources */,
				2516969922588CA80024DBC8 /* Assets.xcassets in Resources */,
				FFB508582286C8AA00A1E03E /* OnBoarding.storyboard in Resources */,
			);
			runOnlyForDeploymentPostprocessing = 0;
		};
/* End PBXResourcesBuildPhase section */

/* Begin PBXShellScriptBuildPhase section */
		250625B72267FD5F009196C9 /* SwifLint Run Script */ = {
			isa = PBXShellScriptBuildPhase;
			buildActionMask = 2147483647;
			files = (
			);
			inputFileListPaths = (
			);
			inputPaths = (
			);
			name = "SwifLint Run Script";
			outputFileListPaths = (
			);
			outputPaths = (
			);
			runOnlyForDeploymentPostprocessing = 0;
			shellPath = /bin/sh;
			shellScript = "if which swiftlint >/dev/null; then\nswiftlint\nelse\necho \"warning: SwiftLint not installed, download from https://github.com/realm/SwiftLint\"\nfi\n";
		};
		62ECF55CE3C9786BAA740FDC /* [CP] Embed Pods Frameworks */ = {
			isa = PBXShellScriptBuildPhase;
			buildActionMask = 2147483647;
			files = (
			);
			inputFileListPaths = (
				"${PODS_ROOT}/Target Support Files/Pods-MU/Pods-MU-frameworks-${CONFIGURATION}-input-files.xcfilelist",
			);
			name = "[CP] Embed Pods Frameworks";
			outputFileListPaths = (
				"${PODS_ROOT}/Target Support Files/Pods-MU/Pods-MU-frameworks-${CONFIGURATION}-output-files.xcfilelist",
			);
			runOnlyForDeploymentPostprocessing = 0;
			shellPath = /bin/sh;
			shellScript = "\"${PODS_ROOT}/Target Support Files/Pods-MU/Pods-MU-frameworks.sh\"\n";
			showEnvVarsInLog = 0;
		};
		F952C45E79C1FC0C26CE74AA /* [CP] Check Pods Manifest.lock */ = {
			isa = PBXShellScriptBuildPhase;
			buildActionMask = 2147483647;
			files = (
			);
			inputFileListPaths = (
			);
			inputPaths = (
				"${PODS_PODFILE_DIR_PATH}/Podfile.lock",
				"${PODS_ROOT}/Manifest.lock",
			);
			name = "[CP] Check Pods Manifest.lock";
			outputFileListPaths = (
			);
			outputPaths = (
				"$(DERIVED_FILE_DIR)/Pods-MU-checkManifestLockResult.txt",
			);
			runOnlyForDeploymentPostprocessing = 0;
			shellPath = /bin/sh;
			shellScript = "diff \"${PODS_PODFILE_DIR_PATH}/Podfile.lock\" \"${PODS_ROOT}/Manifest.lock\" > /dev/null\nif [ $? != 0 ] ; then\n    # print error to STDERR\n    echo \"error: The sandbox is not in sync with the Podfile.lock. Run 'pod install' or update your CocoaPods installation.\" >&2\n    exit 1\nfi\n# This output is used by Xcode 'outputs' to avoid re-running this script phase.\necho \"SUCCESS\" > \"${SCRIPT_OUTPUT_FILE_0}\"\n";
			showEnvVarsInLog = 0;
		};
/* End PBXShellScriptBuildPhase section */

/* Begin PBXSourcesBuildPhase section */
		2516968A22588CA20024DBC8 /* Sources */ = {
			isa = PBXSourcesBuildPhase;
			buildActionMask = 2147483647;
			files = (
				FFB508342286BC5600A1E03E /* BaseViewController.swift in Sources */,
				FFB508782287444200A1E03E /* ErrorExceptionAPI.swift in Sources */,
				FFB5086822872E3B00A1E03E /* CustomPage.swift in Sources */,
				FFB5086C2287377500A1E03E /* ColorConstants.swift in Sources */,
				FFB508322286BC1300A1E03E /* SegueConstants.swift in Sources */,
				FFB50876228743F000A1E03E /* MUAPI.swift in Sources */,
				2516969222588CA20024DBC8 /* AppDelegate.swift in Sources */,
				FFB5087B2287452E00A1E03E /* BaseDAO.swift in Sources */,
				FFB5086722872E3B00A1E03E /* CustomOverlay.swift in Sources */,
				FFB50872228742B900A1E03E /* String+Utilities.swift in Sources */,
				FF1DD0472287B8BD001362B6 /* UITextFieldHelper.swift in Sources */,
				FFB508612286C92D00A1E03E /* HomeViewController.swift in Sources */,
				FF1DD0432287B8BD001362B6 /* NSLayoutHelper.swift in Sources */,
				FFB508592286C8AA00A1E03E /* OnBoardingPresenter.swift in Sources */,
				FFB50874228743C700A1E03E /* SummaryDAO.swift in Sources */,
				FFB5085A2286C8AA00A1E03E /* OnBoardingViewController.swift in Sources */,
				FF1DD0442287B8BD001362B6 /* DeviceHelper.swift in Sources */,
				FF1DD0462287B8BD001362B6 /* UILabelHelper.swift in Sources */,
				FFB508602286C92D00A1E03E /* HomePresenter.swift in Sources */,
				FF1DD0422287B8BD001362B6 /* UIButtonHelper.swift in Sources */,
				FF1DD0452287B8BD001362B6 /* UITextViewHelper.swift in Sources */,
			);
			runOnlyForDeploymentPostprocessing = 0;
		};
/* End PBXSourcesBuildPhase section */

/* Begin PBXVariantGroup section */
		2516969A22588CA80024DBC8 /* LaunchScreen.storyboard */ = {
			isa = PBXVariantGroup;
			children = (
				2516969B22588CA80024DBC8 /* Base */,
			);
			name = LaunchScreen.storyboard;
			sourceTree = "<group>";
		};
/* End PBXVariantGroup section */

/* Begin XCBuildConfiguration section */
		2516969E22588CA80024DBC8 /* Debug */ = {
			isa = XCBuildConfiguration;
			buildSettings = {
				ALWAYS_SEARCH_USER_PATHS = NO;
				CLANG_ANALYZER_NONNULL = YES;
				CLANG_ANALYZER_NUMBER_OBJECT_CONVERSION = YES_AGGRESSIVE;
				CLANG_CXX_LANGUAGE_STANDARD = "gnu++14";
				CLANG_CXX_LIBRARY = "libc++";
				CLANG_ENABLE_MODULES = YES;
				CLANG_ENABLE_OBJC_ARC = YES;
				CLANG_ENABLE_OBJC_WEAK = YES;
				CLANG_WARN_BLOCK_CAPTURE_AUTORELEASING = YES;
				CLANG_WARN_BOOL_CONVERSION = YES;
				CLANG_WARN_COMMA = YES;
				CLANG_WARN_CONSTANT_CONVERSION = YES;
				CLANG_WARN_DEPRECATED_OBJC_IMPLEMENTATIONS = YES;
				CLANG_WARN_DIRECT_OBJC_ISA_USAGE = YES_ERROR;
				CLANG_WARN_DOCUMENTATION_COMMENTS = YES;
				CLANG_WARN_EMPTY_BODY = YES;
				CLANG_WARN_ENUM_CONVERSION = YES;
				CLANG_WARN_INFINITE_RECURSION = YES;
				CLANG_WARN_INT_CONVERSION = YES;
				CLANG_WARN_NON_LITERAL_NULL_CONVERSION = YES;
				CLANG_WARN_OBJC_IMPLICIT_RETAIN_SELF = YES;
				CLANG_WARN_OBJC_LITERAL_CONVERSION = YES;
				CLANG_WARN_OBJC_ROOT_CLASS = YES_ERROR;
				CLANG_WARN_RANGE_LOOP_ANALYSIS = YES;
				CLANG_WARN_STRICT_PROTOTYPES = YES;
				CLANG_WARN_SUSPICIOUS_MOVE = YES;
				CLANG_WARN_UNGUARDED_AVAILABILITY = YES_AGGRESSIVE;
				CLANG_WARN_UNREACHABLE_CODE = YES;
				CLANG_WARN__DUPLICATE_METHOD_MATCH = YES;
				CODE_SIGN_IDENTITY = "iPhone Developer";
				COPY_PHASE_STRIP = NO;
				DEBUG_INFORMATION_FORMAT = dwarf;
				ENABLE_STRICT_OBJC_MSGSEND = YES;
				ENABLE_TESTABILITY = YES;
				GCC_C_LANGUAGE_STANDARD = gnu11;
				GCC_DYNAMIC_NO_PIC = NO;
				GCC_NO_COMMON_BLOCKS = YES;
				GCC_OPTIMIZATION_LEVEL = 0;
				GCC_PREPROCESSOR_DEFINITIONS = (
					"DEBUG=1",
					"$(inherited)",
				);
				GCC_WARN_64_TO_32_BIT_CONVERSION = YES;
				GCC_WARN_ABOUT_RETURN_TYPE = YES_ERROR;
				GCC_WARN_UNDECLARED_SELECTOR = YES;
				GCC_WARN_UNINITIALIZED_AUTOS = YES_AGGRESSIVE;
				GCC_WARN_UNUSED_FUNCTION = YES;
				GCC_WARN_UNUSED_VARIABLE = YES;
				IPHONEOS_DEPLOYMENT_TARGET = 12.1;
				MTL_ENABLE_DEBUG_INFO = INCLUDE_SOURCE;
				MTL_FAST_MATH = YES;
				ONLY_ACTIVE_ARCH = YES;
				SDKROOT = iphoneos;
				SWIFT_ACTIVE_COMPILATION_CONDITIONS = DEBUG;
				SWIFT_OPTIMIZATION_LEVEL = "-Onone";
			};
			name = Debug;
		};
		2516969F22588CA80024DBC8 /* Release */ = {
			isa = XCBuildConfiguration;
			buildSettings = {
				ALWAYS_SEARCH_USER_PATHS = NO;
				CLANG_ANALYZER_NONNULL = YES;
				CLANG_ANALYZER_NUMBER_OBJECT_CONVERSION = YES_AGGRESSIVE;
				CLANG_CXX_LANGUAGE_STANDARD = "gnu++14";
				CLANG_CXX_LIBRARY = "libc++";
				CLANG_ENABLE_MODULES = YES;
				CLANG_ENABLE_OBJC_ARC = YES;
				CLANG_ENABLE_OBJC_WEAK = YES;
				CLANG_WARN_BLOCK_CAPTURE_AUTORELEASING = YES;
				CLANG_WARN_BOOL_CONVERSION = YES;
				CLANG_WARN_COMMA = YES;
				CLANG_WARN_CONSTANT_CONVERSION = YES;
				CLANG_WARN_DEPRECATED_OBJC_IMPLEMENTATIONS = YES;
				CLANG_WARN_DIRECT_OBJC_ISA_USAGE = YES_ERROR;
				CLANG_WARN_DOCUMENTATION_COMMENTS = YES;
				CLANG_WARN_EMPTY_BODY = YES;
				CLANG_WARN_ENUM_CONVERSION = YES;
				CLANG_WARN_INFINITE_RECURSION = YES;
				CLANG_WARN_INT_CONVERSION = YES;
				CLANG_WARN_NON_LITERAL_NULL_CONVERSION = YES;
				CLANG_WARN_OBJC_IMPLICIT_RETAIN_SELF = YES;
				CLANG_WARN_OBJC_LITERAL_CONVERSION = YES;
				CLANG_WARN_OBJC_ROOT_CLASS = YES_ERROR;
				CLANG_WARN_RANGE_LOOP_ANALYSIS = YES;
				CLANG_WARN_STRICT_PROTOTYPES = YES;
				CLANG_WARN_SUSPICIOUS_MOVE = YES;
				CLANG_WARN_UNGUARDED_AVAILABILITY = YES_AGGRESSIVE;
				CLANG_WARN_UNREACHABLE_CODE = YES;
				CLANG_WARN__DUPLICATE_METHOD_MATCH = YES;
				CODE_SIGN_IDENTITY = "iPhone Developer";
				COPY_PHASE_STRIP = NO;
				DEBUG_INFORMATION_FORMAT = "dwarf-with-dsym";
				ENABLE_NS_ASSERTIONS = NO;
				ENABLE_STRICT_OBJC_MSGSEND = YES;
				GCC_C_LANGUAGE_STANDARD = gnu11;
				GCC_NO_COMMON_BLOCKS = YES;
				GCC_WARN_64_TO_32_BIT_CONVERSION = YES;
				GCC_WARN_ABOUT_RETURN_TYPE = YES_ERROR;
				GCC_WARN_UNDECLARED_SELECTOR = YES;
				GCC_WARN_UNINITIALIZED_AUTOS = YES_AGGRESSIVE;
				GCC_WARN_UNUSED_FUNCTION = YES;
				GCC_WARN_UNUSED_VARIABLE = YES;
				IPHONEOS_DEPLOYMENT_TARGET = 12.1;
				MTL_ENABLE_DEBUG_INFO = NO;
				MTL_FAST_MATH = YES;
				SDKROOT = iphoneos;
				SWIFT_COMPILATION_MODE = wholemodule;
				SWIFT_OPTIMIZATION_LEVEL = "-O";
				VALIDATE_PRODUCT = YES;
			};
			name = Release;
		};
		251696A122588CA80024DBC8 /* Debug */ = {
			isa = XCBuildConfiguration;
			baseConfigurationReference = 6806D2F667552E69E759CE9F /* Pods-MU.debug.xcconfig */;
			buildSettings = {
				ASSETCATALOG_COMPILER_APPICON_NAME = AppIcon;
				CODE_SIGN_IDENTITY = "iPhone Developer";
				CODE_SIGN_STYLE = Automatic;
				DEVELOPMENT_TEAM = "";
				INFOPLIST_FILE = MU/SupportFiles/Info.plist;
				IPHONEOS_DEPLOYMENT_TARGET = 9.0;
				LD_RUNPATH_SEARCH_PATHS = (
					"$(inherited)",
					"@executable_path/Frameworks",
				);
				PRODUCT_BUNDLE_IDENTIFIER = com.nds.apps.MU;
				PRODUCT_NAME = "$(TARGET_NAME)";
				PROVISIONING_PROFILE_SPECIFIER = "";
				SWIFT_VERSION = 4.2;
				TARGETED_DEVICE_FAMILY = "1,2";
			};
			name = Debug;
		};
		251696A222588CA80024DBC8 /* Release */ = {
			isa = XCBuildConfiguration;
			baseConfigurationReference = 1FD9A7A2056FFE39366ABA55 /* Pods-MU.release.xcconfig */;
			buildSettings = {
				ASSETCATALOG_COMPILER_APPICON_NAME = AppIcon;
				CODE_SIGN_IDENTITY = "iPhone Developer";
				CODE_SIGN_STYLE = Automatic;
				DEVELOPMENT_TEAM = "";
				INFOPLIST_FILE = MU/SupportFiles/Info.plist;
				IPHONEOS_DEPLOYMENT_TARGET = 9.0;
				LD_RUNPATH_SEARCH_PATHS = (
					"$(inherited)",
					"@executable_path/Frameworks",
				);
				PRODUCT_BUNDLE_IDENTIFIER = com.nds.apps.MU;
				PRODUCT_NAME = "$(TARGET_NAME)";
				PROVISIONING_PROFILE_SPECIFIER = "";
				SWIFT_VERSION = 4.2;
				TARGETED_DEVICE_FAMILY = "1,2";
			};
			name = Release;
		};
/* End XCBuildConfiguration section */

/* Begin XCConfigurationList section */
		2516968922588CA20024DBC8 /* Build configuration list for PBXProject "MU" */ = {
			isa = XCConfigurationList;
			buildConfigurations = (
				2516969E22588CA80024DBC8 /* Debug */,
				2516969F22588CA80024DBC8 /* Release */,
			);
			defaultConfigurationIsVisible = 0;
			defaultConfigurationName = Release;
		};
		251696A022588CA80024DBC8 /* Build configuration list for PBXNativeTarget "MU" */ = {
			isa = XCConfigurationList;
			buildConfigurations = (
				251696A122588CA80024DBC8 /* Debug */,
				251696A222588CA80024DBC8 /* Release */,
			);
			defaultConfigurationIsVisible = 0;
			defaultConfigurationName = Release;
		};
/* End XCConfigurationList section */
	};
	rootObject = 2516968622588CA20024DBC8 /* Project object */;
}
